// !$*UTF8*$!
{
	archiveVersion = 1;
	classes = {
	};
	objectVersion = 50;
	objects = {

/* Begin PBXBuildFile section */
		25598D9DD87A97E6095B4CA1 /* Pods_pwcTests.framework in Frameworks */ = {isa = PBXBuildFile; fileRef = 30B2D35CFBA9A2F0E8F83928 /* Pods_pwcTests.framework */; };
		36F1D4461296738ED67BFE19 /* Pods_pwc.framework in Frameworks */ = {isa = PBXBuildFile; fileRef = 18A0077DDE4F68462CD99D2B /* Pods_pwc.framework */; };
		4F2EE64A20F833C500A50B57 /* AppDelegate.swift in Sources */ = {isa = PBXBuildFile; fileRef = 4F2EE64920F833C500A50B57 /* AppDelegate.swift */; };
		4F2EE64C20F833C500A50B57 /* ViewController.swift in Sources */ = {isa = PBXBuildFile; fileRef = 4F2EE64B20F833C500A50B57 /* ViewController.swift */; };
		4F2EE64F20F833C500A50B57 /* Main.storyboard in Resources */ = {isa = PBXBuildFile; fileRef = 4F2EE64D20F833C500A50B57 /* Main.storyboard */; };
		4F2EE65120F833C700A50B57 /* Assets.xcassets in Resources */ = {isa = PBXBuildFile; fileRef = 4F2EE65020F833C700A50B57 /* Assets.xcassets */; };
		4F2EE65420F833C700A50B57 /* LaunchScreen.storyboard in Resources */ = {isa = PBXBuildFile; fileRef = 4F2EE65220F833C700A50B57 /* LaunchScreen.storyboard */; };
		4F2EE65F20F833C700A50B57 /* pwcTests.swift in Sources */ = {isa = PBXBuildFile; fileRef = 4F2EE65E20F833C700A50B57 /* pwcTests.swift */; };
		4F2EE66A20F833C700A50B57 /* pwcUITests.swift in Sources */ = {isa = PBXBuildFile; fileRef = 4F2EE66920F833C700A50B57 /* pwcUITests.swift */; };
		4F2EE67820F8345100A50B57 /* GoogleService-Info.plist in Resources */ = {isa = PBXBuildFile; fileRef = 4F2EE67720F8345100A50B57 /* GoogleService-Info.plist */; };
		724178EF8F9089126CCCD105 /* Pods_pwcUITests.framework in Frameworks */ = {isa = PBXBuildFile; fileRef = E29D95B0D2B1CF6A58BBC7CB /* Pods_pwcUITests.framework */; };
/* End PBXBuildFile section */

/* Begin PBXContainerItemProxy section */
		4F2EE65B20F833C700A50B57 /* PBXContainerItemProxy */ = {
			isa = PBXContainerItemProxy;
			containerPortal = 4F2EE63E20F833C500A50B57 /* Project object */;
			proxyType = 1;
			remoteGlobalIDString = 4F2EE64520F833C500A50B57;
			remoteInfo = pwc;
		};
		4F2EE66620F833C700A50B57 /* PBXContainerItemProxy */ = {
			isa = PBXContainerItemProxy;
			containerPortal = 4F2EE63E20F833C500A50B57 /* Project object */;
			proxyType = 1;
			remoteGlobalIDString = 4F2EE64520F833C500A50B57;
			remoteInfo = pwc;
		};
/* End PBXContainerItemProxy section */

/* Begin PBXFileReference section */
		02EAE12B1F97590882AC8B51 /* Pods-pwc.release.xcconfig */ = {isa = PBXFileReference; includeInIndex = 1; lastKnownFileType = text.xcconfig; name = "Pods-pwc.release.xcconfig"; path = "Pods/Target Support Files/Pods-pwc/Pods-pwc.release.xcconfig"; sourceTree = "<group>"; };
		18A0077DDE4F68462CD99D2B /* Pods_pwc.framework */ = {isa = PBXFileReference; explicitFileType = wrapper.framework; includeInIndex = 0; path = Pods_pwc.framework; sourceTree = BUILT_PRODUCTS_DIR; };
		1FE87C84347E154C9D6B666E /* Pods-pwcTests.debug.xcconfig */ = {isa = PBXFileReference; includeInIndex = 1; lastKnownFileType = text.xcconfig; name = "Pods-pwcTests.debug.xcconfig"; path = "Pods/Target Support Files/Pods-pwcTests/Pods-pwcTests.debug.xcconfig"; sourceTree = "<group>"; };
		30B2D35CFBA9A2F0E8F83928 /* Pods_pwcTests.framework */ = {isa = PBXFileReference; explicitFileType = wrapper.framework; includeInIndex = 0; path = Pods_pwcTests.framework; sourceTree = BUILT_PRODUCTS_DIR; };
		4F2EE64620F833C500A50B57 /* pwc.app */ = {isa = PBXFileReference; explicitFileType = wrapper.application; includeInIndex = 0; path = pwc.app; sourceTree = BUILT_PRODUCTS_DIR; };
		4F2EE64920F833C500A50B57 /* AppDelegate.swift */ = {isa = PBXFileReference; lastKnownFileType = sourcecode.swift; path = AppDelegate.swift; sourceTree = "<group>"; };
		4F2EE64B20F833C500A50B57 /* ViewController.swift */ = {isa = PBXFileReference; lastKnownFileType = sourcecode.swift; path = ViewController.swift; sourceTree = "<group>"; };
		4F2EE64E20F833C500A50B57 /* Base */ = {isa = PBXFileReference; lastKnownFileType = file.storyboard; name = Base; path = Base.lproj/Main.storyboard; sourceTree = "<group>"; };
		4F2EE65020F833C700A50B57 /* Assets.xcassets */ = {isa = PBXFileReference; lastKnownFileType = folder.assetcatalog; path = Assets.xcassets; sourceTree = "<group>"; };
		4F2EE65320F833C700A50B57 /* Base */ = {isa = PBXFileReference; lastKnownFileType = file.storyboard; name = Base; path = Base.lproj/LaunchScreen.storyboard; sourceTree = "<group>"; };
		4F2EE65520F833C700A50B57 /* Info.plist */ = {isa = PBXFileReference; lastKnownFileType = text.plist.xml; path = Info.plist; sourceTree = "<group>"; };
		4F2EE65A20F833C700A50B57 /* pwcTests.xctest */ = {isa = PBXFileReference; explicitFileType = wrapper.cfbundle; includeInIndex = 0; path = pwcTests.xctest; sourceTree = BUILT_PRODUCTS_DIR; };
		4F2EE65E20F833C700A50B57 /* pwcTests.swift */ = {isa = PBXFileReference; lastKnownFileType = sourcecode.swift; path = pwcTests.swift; sourceTree = "<group>"; };
		4F2EE66020F833C700A50B57 /* Info.plist */ = {isa = PBXFileReference; lastKnownFileType = text.plist.xml; path = Info.plist; sourceTree = "<group>"; };
		4F2EE66520F833C700A50B57 /* pwcUITests.xctest */ = {isa = PBXFileReference; explicitFileType = wrapper.cfbundle; includeInIndex = 0; path = pwcUITests.xctest; sourceTree = BUILT_PRODUCTS_DIR; };
		4F2EE66920F833C700A50B57 /* pwcUITests.swift */ = {isa = PBXFileReference; lastKnownFileType = sourcecode.swift; path = pwcUITests.swift; sourceTree = "<group>"; };
		4F2EE66B20F833C700A50B57 /* Info.plist */ = {isa = PBXFileReference; lastKnownFileType = text.plist.xml; path = Info.plist; sourceTree = "<group>"; };
		4F2EE67720F8345100A50B57 /* GoogleService-Info.plist */ = {isa = PBXFileReference; fileEncoding = 4; lastKnownFileType = text.plist.xml; path = "GoogleService-Info.plist"; sourceTree = "<group>"; };
		53608D1E9FDED6CE176B375A /* Pods-pwcUITests.release.xcconfig */ = {isa = PBXFileReference; includeInIndex = 1; lastKnownFileType = text.xcconfig; name = "Pods-pwcUITests.release.xcconfig"; path = "Pods/Target Support Files/Pods-pwcUITests/Pods-pwcUITests.release.xcconfig"; sourceTree = "<group>"; };
		79F1848E662F78575C9D8DA7 /* Pods-pwcUITests.debug.xcconfig */ = {isa = PBXFileReference; includeInIndex = 1; lastKnownFileType = text.xcconfig; name = "Pods-pwcUITests.debug.xcconfig"; path = "Pods/Target Support Files/Pods-pwcUITests/Pods-pwcUITests.debug.xcconfig"; sourceTree = "<group>"; };
		CCE88EAACE26CFB4DC00EF09 /* Pods-pwc.debug.xcconfig */ = {isa = PBXFileReference; includeInIndex = 1; lastKnownFileType = text.xcconfig; name = "Pods-pwc.debug.xcconfig"; path = "Pods/Target Support Files/Pods-pwc/Pods-pwc.debug.xcconfig"; sourceTree = "<group>"; };
		E29D95B0D2B1CF6A58BBC7CB /* Pods_pwcUITests.framework */ = {isa = PBXFileReference; explicitFileType = wrapper.framework; includeInIndex = 0; path = Pods_pwcUITests.framework; sourceTree = BUILT_PRODUCTS_DIR; };
		EE044CE9CEC8E6F8960A7044 /* Pods-pwcTests.release.xcconfig */ = {isa = PBXFileReference; includeInIndex = 1; lastKnownFileType = text.xcconfig; name = "Pods-pwcTests.release.xcconfig"; path = "Pods/Target Support Files/Pods-pwcTests/Pods-pwcTests.release.xcconfig"; sourceTree = "<group>"; };
/* End PBXFileReference section */

/* Begin PBXFrameworksBuildPhase section */
		4F2EE64320F833C500A50B57 /* Frameworks */ = {
			isa = PBXFrameworksBuildPhase;
			buildActionMask = 2147483647;
			files = (
				36F1D4461296738ED67BFE19 /* Pods_pwc.framework in Frameworks */,
			);
			runOnlyForDeploymentPostprocessing = 0;
		};
		4F2EE65720F833C700A50B57 /* Frameworks */ = {
			isa = PBXFrameworksBuildPhase;
			buildActionMask = 2147483647;
			files = (
				25598D9DD87A97E6095B4CA1 /* Pods_pwcTests.framework in Frameworks */,
			);
			runOnlyForDeploymentPostprocessing = 0;
		};
		4F2EE66220F833C700A50B57 /* Frameworks */ = {
			isa = PBXFrameworksBuildPhase;
			buildActionMask = 2147483647;
			files = (
				724178EF8F9089126CCCD105 /* Pods_pwcUITests.framework in Frameworks */,
			);
			runOnlyForDeploymentPostprocessing = 0;
		};
/* End PBXFrameworksBuildPhase section */

/* Begin PBXGroup section */
		4F2EE63D20F833C500A50B57 = {
			isa = PBXGroup;
			children = (
				4F2EE64820F833C500A50B57 /* pwc */,
				4F2EE65D20F833C700A50B57 /* pwcTests */,
				4F2EE66820F833C700A50B57 /* pwcUITests */,
				4F2EE64720F833C500A50B57 /* Products */,
				C860E2484E912107BCF9B6A4 /* Pods */,
				F17F96B7A36F3EC637DA85B7 /* Frameworks */,
			);
			sourceTree = "<group>";
		};
		4F2EE64720F833C500A50B57 /* Products */ = {
			isa = PBXGroup;
			children = (
				4F2EE64620F833C500A50B57 /* pwc.app */,
				4F2EE65A20F833C700A50B57 /* pwcTests.xctest */,
				4F2EE66520F833C700A50B57 /* pwcUITests.xctest */,
			);
			name = Products;
			sourceTree = "<group>";
		};
		4F2EE64820F833C500A50B57 /* pwc */ = {
			isa = PBXGroup;
			children = (
				4F4A019120F83CA400E32B80 /* Services */,
				4F4A019020F83C8100E32B80 /* Extentions */,
				4F4A018F20F83C7200E32B80 /* Model */,
				4F4A018E20F83C5B00E32B80 /* View */,
				4F4A018D20F83C2C00E32B80 /* Controller */,
				4F2EE64920F833C500A50B57 /* AppDelegate.swift */,
				4F2EE64D20F833C500A50B57 /* Main.storyboard */,
				4F2EE65020F833C700A50B57 /* Assets.xcassets */,
				4F2EE65220F833C700A50B57 /* LaunchScreen.storyboard */,
				4F2EE65520F833C700A50B57 /* Info.plist */,
				4F2EE67720F8345100A50B57 /* GoogleService-Info.plist */,
			);
			path = pwc;
			sourceTree = "<group>";
		};
		4F2EE65D20F833C700A50B57 /* pwcTests */ = {
			isa = PBXGroup;
			children = (
				4F2EE65E20F833C700A50B57 /* pwcTests.swift */,
				4F2EE66020F833C700A50B57 /* Info.plist */,
			);
			path = pwcTests;
			sourceTree = "<group>";
		};
		4F2EE66820F833C700A50B57 /* pwcUITests */ = {
			isa = PBXGroup;
			children = (
				4F2EE66920F833C700A50B57 /* pwcUITests.swift */,
				4F2EE66B20F833C700A50B57 /* Info.plist */,
			);
			path = pwcUITests;
			sourceTree = "<group>";
		};
		4F4A018D20F83C2C00E32B80 /* Controller */ = {
			isa = PBXGroup;
			children = (
				4F2EE64B20F833C500A50B57 /* ViewController.swift */,
			);
			path = Controller;
			sourceTree = "<group>";
		};
		4F4A018E20F83C5B00E32B80 /* View */ = {
			isa = PBXGroup;
			children = (
			);
			path = View;
			sourceTree = "<group>";
		};
		4F4A018F20F83C7200E32B80 /* Model */ = {
			isa = PBXGroup;
			children = (
			);
			path = Model;
			sourceTree = "<group>";
		};
		4F4A019020F83C8100E32B80 /* Extentions */ = {
			isa = PBXGroup;
			children = (
			);
			path = Extentions;
			sourceTree = "<group>";
		};
		4F4A019120F83CA400E32B80 /* Services */ = {
			isa = PBXGroup;
			children = (
			);
			path = Services;
			sourceTree = "<group>";
		};
		C860E2484E912107BCF9B6A4 /* Pods */ = {
			isa = PBXGroup;
			children = (
				CCE88EAACE26CFB4DC00EF09 /* Pods-pwc.debug.xcconfig */,
				02EAE12B1F97590882AC8B51 /* Pods-pwc.release.xcconfig */,
				1FE87C84347E154C9D6B666E /* Pods-pwcTests.debug.xcconfig */,
				EE044CE9CEC8E6F8960A7044 /* Pods-pwcTests.release.xcconfig */,
				79F1848E662F78575C9D8DA7 /* Pods-pwcUITests.debug.xcconfig */,
				53608D1E9FDED6CE176B375A /* Pods-pwcUITests.release.xcconfig */,
			);
			name = Pods;
			sourceTree = "<group>";
		};
		F17F96B7A36F3EC637DA85B7 /* Frameworks */ = {
			isa = PBXGroup;
			children = (
				18A0077DDE4F68462CD99D2B /* Pods_pwc.framework */,
				30B2D35CFBA9A2F0E8F83928 /* Pods_pwcTests.framework */,
				E29D95B0D2B1CF6A58BBC7CB /* Pods_pwcUITests.framework */,
			);
			name = Frameworks;
			sourceTree = "<group>";
		};
/* End PBXGroup section */

/* Begin PBXNativeTarget section */
		4F2EE64520F833C500A50B57 /* pwc */ = {
			isa = PBXNativeTarget;
			buildConfigurationList = 4F2EE66E20F833C700A50B57 /* Build configuration list for PBXNativeTarget "pwc" */;
			buildPhases = (
				027719ACC055861F7E0C066D /* [CP] Check Pods Manifest.lock */,
				4F2EE64220F833C500A50B57 /* Sources */,
				4F2EE64320F833C500A50B57 /* Frameworks */,
				4F2EE64420F833C500A50B57 /* Resources */,
				50D6E3FE47BC776537626330 /* [CP] Embed Pods Frameworks */,
			);
			buildRules = (
			);
			dependencies = (
			);
			name = pwc;
			productName = pwc;
			productReference = 4F2EE64620F833C500A50B57 /* pwc.app */;
			productType = "com.apple.product-type.application";
		};
		4F2EE65920F833C700A50B57 /* pwcTests */ = {
			isa = PBXNativeTarget;
			buildConfigurationList = 4F2EE67120F833C700A50B57 /* Build configuration list for PBXNativeTarget "pwcTests" */;
			buildPhases = (
				8A0E0FEB6824677F8FFEA0AD /* [CP] Check Pods Manifest.lock */,
				4F2EE65620F833C700A50B57 /* Sources */,
				4F2EE65720F833C700A50B57 /* Frameworks */,
				4F2EE65820F833C700A50B57 /* Resources */,
			);
			buildRules = (
			);
			dependencies = (
				4F2EE65C20F833C700A50B57 /* PBXTargetDependency */,
			);
			name = pwcTests;
			productName = pwcTests;
			productReference = 4F2EE65A20F833C700A50B57 /* pwcTests.xctest */;
			productType = "com.apple.product-type.bundle.unit-test";
		};
		4F2EE66420F833C700A50B57 /* pwcUITests */ = {
			isa = PBXNativeTarget;
			buildConfigurationList = 4F2EE67420F833C700A50B57 /* Build configuration list for PBXNativeTarget "pwcUITests" */;
			buildPhases = (
				4E2ED437E3BE1E9EEC60CDEF /* [CP] Check Pods Manifest.lock */,
				4F2EE66120F833C700A50B57 /* Sources */,
				4F2EE66220F833C700A50B57 /* Frameworks */,
				4F2EE66320F833C700A50B57 /* Resources */,
			);
			buildRules = (
			);
			dependencies = (
				4F2EE66720F833C700A50B57 /* PBXTargetDependency */,
			);
			name = pwcUITests;
			productName = pwcUITests;
			productReference = 4F2EE66520F833C700A50B57 /* pwcUITests.xctest */;
			productType = "com.apple.product-type.bundle.ui-testing";
		};
/* End PBXNativeTarget section */

/* Begin PBXProject section */
		4F2EE63E20F833C500A50B57 /* Project object */ = {
			isa = PBXProject;
			attributes = {
				LastSwiftUpdateCheck = 1000;
				LastUpgradeCheck = 1000;
				ORGANIZATIONNAME = Cheol;
				TargetAttributes = {
					4F2EE64520F833C500A50B57 = {
						CreatedOnToolsVersion = 10.0;
					};
					4F2EE65920F833C700A50B57 = {
						CreatedOnToolsVersion = 10.0;
						TestTargetID = 4F2EE64520F833C500A50B57;
					};
					4F2EE66420F833C700A50B57 = {
						CreatedOnToolsVersion = 10.0;
						TestTargetID = 4F2EE64520F833C500A50B57;
					};
				};
			};
			buildConfigurationList = 4F2EE64120F833C500A50B57 /* Build configuration list for PBXProject "pwc" */;
			compatibilityVersion = "Xcode 9.3";
			developmentRegion = en;
			hasScannedForEncodings = 0;
			knownRegions = (
				en,
				Base,
			);
			mainGroup = 4F2EE63D20F833C500A50B57;
			productRefGroup = 4F2EE64720F833C500A50B57 /* Products */;
			projectDirPath = "";
			projectRoot = "";
			targets = (
				4F2EE64520F833C500A50B57 /* pwc */,
				4F2EE65920F833C700A50B57 /* pwcTests */,
				4F2EE66420F833C700A50B57 /* pwcUITests */,
			);
		};
/* End PBXProject section */

/* Begin PBXResourcesBuildPhase section */
		4F2EE64420F833C500A50B57 /* Resources */ = {
			isa = PBXResourcesBuildPhase;
			buildActionMask = 2147483647;
			files = (
				4F2EE65420F833C700A50B57 /* LaunchScreen.storyboard in Resources */,
				4F2EE67820F8345100A50B57 /* GoogleService-Info.plist in Resources */,
				4F2EE65120F833C700A50B57 /* Assets.xcassets in Resources */,
				4F2EE64F20F833C500A50B57 /* Main.storyboard in Resources */,
			);
			runOnlyForDeploymentPostprocessing = 0;
		};
		4F2EE65820F833C700A50B57 /* Resources */ = {
			isa = PBXResourcesBuildPhase;
			buildActionMask = 2147483647;
			files = (
			);
			runOnlyForDeploymentPostprocessing = 0;
		};
		4F2EE66320F833C700A50B57 /* Resources */ = {
			isa = PBXResourcesBuildPhase;
			buildActionMask = 2147483647;
			files = (
			);
			runOnlyForDeploymentPostprocessing = 0;
		};
/* End PBXResourcesBuildPhase section */

/* Begin PBXShellScriptBuildPhase section */
		027719ACC055861F7E0C066D /* [CP] Check Pods Manifest.lock */ = {
			isa = PBXShellScriptBuildPhase;
			buildActionMask = 2147483647;
			files = (
			);
			inputPaths = (
				"${PODS_PODFILE_DIR_PATH}/Podfile.lock",
				"${PODS_ROOT}/Manifest.lock",
			);
			name = "[CP] Check Pods Manifest.lock";
			outputPaths = (
				"$(DERIVED_FILE_DIR)/Pods-pwc-checkManifestLockResult.txt",
			);
			runOnlyForDeploymentPostprocessing = 0;
			shellPath = /bin/sh;
			shellScript = "diff \"${PODS_PODFILE_DIR_PATH}/Podfile.lock\" \"${PODS_ROOT}/Manifest.lock\" > /dev/null\nif [ $? != 0 ] ; then\n    # print error to STDERR\n    echo \"error: The sandbox is not in sync with the Podfile.lock. Run 'pod install' or update your CocoaPods installation.\" >&2\n    exit 1\nfi\n# This output is used by Xcode 'outputs' to avoid re-running this script phase.\necho \"SUCCESS\" > \"${SCRIPT_OUTPUT_FILE_0}\"\n";
			showEnvVarsInLog = 0;
		};
		4E2ED437E3BE1E9EEC60CDEF /* [CP] Check Pods Manifest.lock */ = {
			isa = PBXShellScriptBuildPhase;
			buildActionMask = 2147483647;
			files = (
			);
			inputPaths = (
				"${PODS_PODFILE_DIR_PATH}/Podfile.lock",
				"${PODS_ROOT}/Manifest.lock",
			);
			name = "[CP] Check Pods Manifest.lock";
			outputPaths = (
				"$(DERIVED_FILE_DIR)/Pods-pwcUITests-checkManifestLockResult.txt",
			);
			runOnlyForDeploymentPostprocessing = 0;
			shellPath = /bin/sh;
			shellScript = "diff \"${PODS_PODFILE_DIR_PATH}/Podfile.lock\" \"${PODS_ROOT}/Manifest.lock\" > /dev/null\nif [ $? != 0 ] ; then\n    # print error to STDERR\n    echo \"error: The sandbox is not in sync with the Podfile.lock. Run 'pod install' or update your CocoaPods installation.\" >&2\n    exit 1\nfi\n# This output is used by Xcode 'outputs' to avoid re-running this script phase.\necho \"SUCCESS\" > \"${SCRIPT_OUTPUT_FILE_0}\"\n";
			showEnvVarsInLog = 0;
		};
		50D6E3FE47BC776537626330 /* [CP] Embed Pods Frameworks */ = {
			isa = PBXShellScriptBuildPhase;
			buildActionMask = 2147483647;
			files = (
			);
			inputPaths = (
				"${SRCROOT}/Pods/Target Support Files/Pods-pwc/Pods-pwc-frameworks.sh",
				"${BUILT_PRODUCTS_DIR}/GoogleToolboxForMac/GoogleToolboxForMac.framework",
				"${BUILT_PRODUCTS_DIR}/nanopb/nanopb.framework",
			);
			name = "[CP] Embed Pods Frameworks";
			outputPaths = (
				"${TARGET_BUILD_DIR}/${FRAMEWORKS_FOLDER_PATH}/GoogleToolboxForMac.framework",
				"${TARGET_BUILD_DIR}/${FRAMEWORKS_FOLDER_PATH}/nanopb.framework",
			);
			runOnlyForDeploymentPostprocessing = 0;
			shellPath = /bin/sh;
			shellScript = "\"${SRCROOT}/Pods/Target Support Files/Pods-pwc/Pods-pwc-frameworks.sh\"\n";
			showEnvVarsInLog = 0;
		};
		8A0E0FEB6824677F8FFEA0AD /* [CP] Check Pods Manifest.lock */ = {
			isa = PBXShellScriptBuildPhase;
			buildActionMask = 2147483647;
			files = (
			);
			inputPaths = (
				"${PODS_PODFILE_DIR_PATH}/Podfile.lock",
				"${PODS_ROOT}/Manifest.lock",
			);
			name = "[CP] Check Pods Manifest.lock";
			outputPaths = (
				"$(DERIVED_FILE_DIR)/Pods-pwcTests-checkManifestLockResult.txt",
			);
			runOnlyForDeploymentPostprocessing = 0;
			shellPath = /bin/sh;
			shellScript = "diff \"${PODS_PODFILE_DIR_PATH}/Podfile.lock\" \"${PODS_ROOT}/Manifest.lock\" > /dev/null\nif [ $? != 0 ] ; then\n    # print error to STDERR\n    echo \"error: The sandbox is not in sync with the Podfile.lock. Run 'pod install' or update your CocoaPods installation.\" >&2\n    exit 1\nfi\n# This output is used by Xcode 'outputs' to avoid re-running this script phase.\necho \"SUCCESS\" > \"${SCRIPT_OUTPUT_FILE_0}\"\n";
			showEnvVarsInLog = 0;
		};
/* End PBXShellScriptBuildPhase section */

/* Begin PBXSourcesBuildPhase section */
		4F2EE64220F833C500A50B57 /* Sources */ = {
			isa = PBXSourcesBuildPhase;
			buildActionMask = 2147483647;
			files = (
				4F2EE64C20F833C500A50B57 /* ViewController.swift in Sources */,
				4F2EE64A20F833C500A50B57 /* AppDelegate.swift in Sources */,
			);
			runOnlyForDeploymentPostprocessing = 0;
		};
		4F2EE65620F833C700A50B57 /* Sources */ = {
			isa = PBXSourcesBuildPhase;
			buildActionMask = 2147483647;
			files = (
				4F2EE65F20F833C700A50B57 /* pwcTests.swift in Sources */,
			);
			runOnlyForDeploymentPostprocessing = 0;
		};
		4F2EE66120F833C700A50B57 /* Sources */ = {
			isa = PBXSourcesBuildPhase;
			buildActionMask = 2147483647;
			files = (
				4F2EE66A20F833C700A50B57 /* pwcUITests.swift in Sources */,
			);
			runOnlyForDeploymentPostprocessing = 0;
		};
/* End PBXSourcesBuildPhase section */

/* Begin PBXTargetDependency section */
		4F2EE65C20F833C700A50B57 /* PBXTargetDependency */ = {
			isa = PBXTargetDependency;
			target = 4F2EE64520F833C500A50B57 /* pwc */;
			targetProxy = 4F2EE65B20F833C700A50B57 /* PBXContainerItemProxy */;
		};
		4F2EE66720F833C700A50B57 /* PBXTargetDependency */ = {
			isa = PBXTargetDependency;
			target = 4F2EE64520F833C500A50B57 /* pwc */;
			targetProxy = 4F2EE66620F833C700A50B57 /* PBXContainerItemProxy */;
		};
/* End PBXTargetDependency section */

/* Begin PBXVariantGroup section */
		4F2EE64D20F833C500A50B57 /* Main.storyboard */ = {
			isa = PBXVariantGroup;
			children = (
				4F2EE64E20F833C500A50B57 /* Base */,
			);
			name = Main.storyboard;
			sourceTree = "<group>";
		};
		4F2EE65220F833C700A50B57 /* LaunchScreen.storyboard */ = {
			isa = PBXVariantGroup;
			children = (
				4F2EE65320F833C700A50B57 /* Base */,
			);
			name = LaunchScreen.storyboard;
			sourceTree = "<group>";
		};
/* End PBXVariantGroup section */

/* Begin XCBuildConfiguration section */
		4F2EE66C20F833C700A50B57 /* Debug */ = {
			isa = XCBuildConfiguration;
			buildSettings = {
				ALWAYS_SEARCH_USER_PATHS = NO;
				CLANG_ANALYZER_NONNULL = YES;
				CLANG_ANALYZER_NUMBER_OBJECT_CONVERSION = YES_AGGRESSIVE;
				CLANG_CXX_LANGUAGE_STANDARD = "gnu++14";
				CLANG_CXX_LIBRARY = "libc++";
				CLANG_ENABLE_MODULES = YES;
				CLANG_ENABLE_OBJC_ARC = YES;
				CLANG_ENABLE_OBJC_WEAK = YES;
				CLANG_WARN_BLOCK_CAPTURE_AUTORELEASING = YES;
				CLANG_WARN_BOOL_CONVERSION = YES;
				CLANG_WARN_COMMA = YES;
				CLANG_WARN_CONSTANT_CONVERSION = YES;
				CLANG_WARN_DEPRECATED_OBJC_IMPLEMENTATIONS = YES;
				CLANG_WARN_DIRECT_OBJC_ISA_USAGE = YES_ERROR;
				CLANG_WARN_DOCUMENTATION_COMMENTS = YES;
				CLANG_WARN_EMPTY_BODY = YES;
				CLANG_WARN_ENUM_CONVERSION = YES;
				CLANG_WARN_INFINITE_RECURSION = YES;
				CLANG_WARN_INT_CONVERSION = YES;
				CLANG_WARN_NON_LITERAL_NULL_CONVERSION = YES;
				CLANG_WARN_OBJC_IMPLICIT_RETAIN_SELF = YES;
				CLANG_WARN_OBJC_LITERAL_CONVERSION = YES;
				CLANG_WARN_OBJC_ROOT_CLASS = YES_ERROR;
				CLANG_WARN_RANGE_LOOP_ANALYSIS = YES;
				CLANG_WARN_STRICT_PROTOTYPES = YES;
				CLANG_WARN_SUSPICIOUS_MOVE = YES;
				CLANG_WARN_UNGUARDED_AVAILABILITY = YES_AGGRESSIVE;
				CLANG_WARN_UNREACHABLE_CODE = YES;
				CLANG_WARN__DUPLICATE_METHOD_MATCH = YES;
				CODE_SIGN_IDENTITY = "iPhone Developer";
				COPY_PHASE_STRIP = NO;
				DEBUG_INFORMATION_FORMAT = dwarf;
				ENABLE_STRICT_OBJC_MSGSEND = YES;
				ENABLE_TESTABILITY = YES;
				GCC_C_LANGUAGE_STANDARD = gnu11;
				GCC_DYNAMIC_NO_PIC = NO;
				GCC_NO_COMMON_BLOCKS = YES;
				GCC_OPTIMIZATION_LEVEL = 0;
				GCC_PREPROCESSOR_DEFINITIONS = (
					"DEBUG=1",
					"$(inherited)",
				);
				GCC_WARN_64_TO_32_BIT_CONVERSION = YES;
				GCC_WARN_ABOUT_RETURN_TYPE = YES_ERROR;
				GCC_WARN_UNDECLARED_SELECTOR = YES;
				GCC_WARN_UNINITIALIZED_AUTOS = YES_AGGRESSIVE;
				GCC_WARN_UNUSED_FUNCTION = YES;
				GCC_WARN_UNUSED_VARIABLE = YES;
				IPHONEOS_DEPLOYMENT_TARGET = 12.0;
				MTL_ENABLE_DEBUG_INFO = INCLUDE_SOURCE;
				MTL_FAST_MATH = YES;
				ONLY_ACTIVE_ARCH = YES;
				SDKROOT = iphoneos;
				SWIFT_ACTIVE_COMPILATION_CONDITIONS = DEBUG;
				SWIFT_OPTIMIZATION_LEVEL = "-Onone";
			};
			name = Debug;
		};
		4F2EE66D20F833C700A50B57 /* Release */ = {
			isa = XCBuildConfiguration;
			buildSettings = {
				ALWAYS_SEARCH_USER_PATHS = NO;
				CLANG_ANALYZER_NONNULL = YES;
				CLANG_ANALYZER_NUMBER_OBJECT_CONVERSION = YES_AGGRESSIVE;
				CLANG_CXX_LANGUAGE_STANDARD = "gnu++14";
				CLANG_CXX_LIBRARY = "libc++";
				CLANG_ENABLE_MODULES = YES;
				CLANG_ENABLE_OBJC_ARC = YES;
				CLANG_ENABLE_OBJC_WEAK = YES;
				CLANG_WARN_BLOCK_CAPTURE_AUTORELEASING = YES;
				CLANG_WARN_BOOL_CONVERSION = YES;
				CLANG_WARN_COMMA = YES;
				CLANG_WARN_CONSTANT_CONVERSION = YES;
				CLANG_WARN_DEPRECATED_OBJC_IMPLEMENTATIONS = YES;
				CLANG_WARN_DIRECT_OBJC_ISA_USAGE = YES_ERROR;
				CLANG_WARN_DOCUMENTATION_COMMENTS = YES;
				CLANG_WARN_EMPTY_BODY = YES;
				CLANG_WARN_ENUM_CONVERSION = YES;
				CLANG_WARN_INFINITE_RECURSION = YES;
				CLANG_WARN_INT_CONVERSION = YES;
				CLANG_WARN_NON_LITERAL_NULL_CONVERSION = YES;
				CLANG_WARN_OBJC_IMPLICIT_RETAIN_SELF = YES;
				CLANG_WARN_OBJC_LITERAL_CONVERSION = YES;
				CLANG_WARN_OBJC_ROOT_CLASS = YES_ERROR;
				CLANG_WARN_RANGE_LOOP_ANALYSIS = YES;
				CLANG_WARN_STRICT_PROTOTYPES = YES;
				CLANG_WARN_SUSPICIOUS_MOVE = YES;
				CLANG_WARN_UNGUARDED_AVAILABILITY = YES_AGGRESSIVE;
				CLANG_WARN_UNREACHABLE_CODE = YES;
				CLANG_WARN__DUPLICATE_METHOD_MATCH = YES;
				CODE_SIGN_IDENTITY = "iPhone Developer";
				COPY_PHASE_STRIP = NO;
				DEBUG_INFORMATION_FORMAT = "dwarf-with-dsym";
				ENABLE_NS_ASSERTIONS = NO;
				ENABLE_STRICT_OBJC_MSGSEND = YES;
				GCC_C_LANGUAGE_STANDARD = gnu11;
				GCC_NO_COMMON_BLOCKS = YES;
				GCC_WARN_64_TO_32_BIT_CONVERSION = YES;
				GCC_WARN_ABOUT_RETURN_TYPE = YES_ERROR;
				GCC_WARN_UNDECLARED_SELECTOR = YES;
				GCC_WARN_UNINITIALIZED_AUTOS = YES_AGGRESSIVE;
				GCC_WARN_UNUSED_FUNCTION = YES;
				GCC_WARN_UNUSED_VARIABLE = YES;
				IPHONEOS_DEPLOYMENT_TARGET = 12.0;
				MTL_ENABLE_DEBUG_INFO = NO;
				MTL_FAST_MATH = YES;
				SDKROOT = iphoneos;
				SWIFT_COMPILATION_MODE = wholemodule;
				SWIFT_OPTIMIZATION_LEVEL = "-O";
				VALIDATE_PRODUCT = YES;
			};
			name = Release;
		};
		4F2EE66F20F833C700A50B57 /* Debug */ = {
			isa = XCBuildConfiguration;
			baseConfigurationReference = CCE88EAACE26CFB4DC00EF09 /* Pods-pwc.debug.xcconfig */;
			buildSettings = {
				ASSETCATALOG_COMPILER_APPICON_NAME = AppIcon;
				CODE_SIGN_STYLE = Automatic;
				DEVELOPMENT_TEAM = 9X9JH9U24J;
				INFOPLIST_FILE = pwc/Info.plist;
				LD_RUNPATH_SEARCH_PATHS = (
					"$(inherited)",
					"@executable_path/Frameworks",
				);
				PRODUCT_BUNDLE_IDENTIFIER = com.cheo.pwc;
				PRODUCT_NAME = "$(TARGET_NAME)";
				SWIFT_VERSION = 4.2;
				TARGETED_DEVICE_FAMILY = "1,2";
			};
			name = Debug;
		};
		4F2EE67020F833C700A50B57 /* Release */ = {
			isa = XCBuildConfiguration;
			baseConfigurationReference = 02EAE12B1F97590882AC8B51 /* Pods-pwc.release.xcconfig */;
			buildSettings = {
				ASSETCATALOG_COMPILER_APPICON_NAME = AppIcon;
				CODE_SIGN_STYLE = Automatic;
				DEVELOPMENT_TEAM = 9X9JH9U24J;
				INFOPLIST_FILE = pwc/Info.plist;
				LD_RUNPATH_SEARCH_PATHS = (
					"$(inherited)",
					"@executable_path/Frameworks",
				);
				PRODUCT_BUNDLE_IDENTIFIER = com.cheo.pwc;
				PRODUCT_NAME = "$(TARGET_NAME)";
				SWIFT_VERSION = 4.2;
				TARGETED_DEVICE_FAMILY = "1,2";
			};
			name = Release;
		};
		4F2EE67220F833C700A50B57 /* Debug */ = {
			isa = XCBuildConfiguration;
			baseConfigurationReference = 1FE87C84347E154C9D6B666E /* Pods-pwcTests.debug.xcconfig */;
			buildSettings = {
				ALWAYS_EMBED_SWIFT_STANDARD_LIBRARIES = YES;
				BUNDLE_LOADER = "$(TEST_HOST)";
				CODE_SIGN_STYLE = Automatic;
				DEVELOPMENT_TEAM = 9X9JH9U24J;
				INFOPLIST_FILE = pwcTests/Info.plist;
				LD_RUNPATH_SEARCH_PATHS = (
					"$(inherited)",
					"@executable_path/Frameworks",
					"@loader_path/Frameworks",
				);
				PRODUCT_BUNDLE_IDENTIFIER = com.cheo.pwcTests;
				PRODUCT_NAME = "$(TARGET_NAME)";
				SWIFT_VERSION = 4.2;
				TARGETED_DEVICE_FAMILY = "1,2";
				TEST_HOST = "$(BUILT_PRODUCTS_DIR)/pwc.app/pwc";
			};
			name = Debug;
		};
		4F2EE67320F833C700A50B57 /* Release */ = {
			isa = XCBuildConfiguration;
			baseConfigurationReference = EE044CE9CEC8E6F8960A7044 /* Pods-pwcTests.release.xcconfig */;
			buildSettings = {
				ALWAYS_EMBED_SWIFT_STANDARD_LIBRARIES = YES;
				BUNDLE_LOADER = "$(TEST_HOST)";
				CODE_SIGN_STYLE = Automatic;
				DEVELOPMENT_TEAM = 9X9JH9U24J;
				INFOPLIST_FILE = pwcTests/Info.plist;
				LD_RUNPATH_SEARCH_PATHS = (
					"$(inherited)",
					"@executable_path/Frameworks",
					"@loader_path/Frameworks",
				);
				PRODUCT_BUNDLE_IDENTIFIER = com.cheo.pwcTests;
				PRODUCT_NAME = "$(TARGET_NAME)";
				SWIFT_VERSION = 4.2;
				TARGETED_DEVICE_FAMILY = "1,2";
				TEST_HOST = "$(BUILT_PRODUCTS_DIR)/pwc.app/pwc";
			};
			name = Release;
		};
		4F2EE67520F833C700A50B57 /* Debug */ = {
			isa = XCBuildConfiguration;
			baseConfigurationReference = 79F1848E662F78575C9D8DA7 /* Pods-pwcUITests.debug.xcconfig */;
			buildSettings = {
				ALWAYS_EMBED_SWIFT_STANDARD_LIBRARIES = YES;
				CODE_SIGN_STYLE = Automatic;
				DEVELOPMENT_TEAM = 9X9JH9U24J;
				INFOPLIST_FILE = pwcUITests/Info.plist;
				LD_RUNPATH_SEARCH_PATHS = (
					"$(inherited)",
					"@executable_path/Frameworks",
					"@loader_path/Frameworks",
				);
				PRODUCT_BUNDLE_IDENTIFIER = com.cheo.pwcUITests;
				PRODUCT_NAME = "$(TARGET_NAME)";
				SWIFT_VERSION = 4.2;
				TARGETED_DEVICE_FAMILY = "1,2";
				TEST_TARGET_NAME = pwc;
			};
			name = Debug;
		};
		4F2EE67620F833C700A50B57 /* Release */ = {
			isa = XCBuildConfiguration;
			baseConfigurationReference = 53608D1E9FDED6CE176B375A /* Pods-pwcUITests.release.xcconfig */;
			buildSettings = {
				ALWAYS_EMBED_SWIFT_STANDARD_LIBRARIES = YES;
				CODE_SIGN_STYLE = Automatic;
				DEVELOPMENT_TEAM = 9X9JH9U24J;
				INFOPLIST_FILE = pwcUITests/Info.plist;
				LD_RUNPATH_SEARCH_PATHS = (
					"$(inherited)",
					"@executable_path/Frameworks",
					"@loader_path/Frameworks",
				);
				PRODUCT_BUNDLE_IDENTIFIER = com.cheo.pwcUITests;
				PRODUCT_NAME = "$(TARGET_NAME)";
				SWIFT_VERSION = 4.2;
				TARGETED_DEVICE_FAMILY = "1,2";
				TEST_TARGET_NAME = pwc;
			};
			name = Release;
		};
/* End XCBuildConfiguration section */

/* Begin XCConfigurationList section */
		4F2EE64120F833C500A50B57 /* Build configuration list for PBXProject "pwc" */ = {
			isa = XCConfigurationList;
			buildConfigurations = (
				4F2EE66C20F833C700A50B57 /* Debug */,
				4F2EE66D20F833C700A50B57 /* Release */,
			);
			defaultConfigurationIsVisible = 0;
			defaultConfigurationName = Release;
		};
		4F2EE66E20F833C700A50B57 /* Build configuration list for PBXNativeTarget "pwc" */ = {
			isa = XCConfigurationList;
			buildConfigurations = (
				4F2EE66F20F833C700A50B57 /* Debug */,
				4F2EE67020F833C700A50B57 /* Release */,
			);
			defaultConfigurationIsVisible = 0;
			defaultConfigurationName = Release;
		};
		4F2EE67120F833C700A50B57 /* Build configuration list for PBXNativeTarget "pwcTests" */ = {
			isa = XCConfigurationList;
			buildConfigurations = (
				4F2EE67220F833C700A50B57 /* Debug */,
				4F2EE67320F833C700A50B57 /* Release */,
			);
			defaultConfigurationIsVisible = 0;
			defaultConfigurationName = Release;
		};
		4F2EE67420F833C700A50B57 /* Build configuration list for PBXNativeTarget "pwcUITests" */ = {
			isa = XCConfigurationList;
			buildConfigurations = (
				4F2EE67520F833C700A50B57 /* Debug */,
				4F2EE67620F833C700A50B57 /* Release */,
			);
			defaultConfigurationIsVisible = 0;
			defaultConfigurationName = Release;
		};
/* End XCConfigurationList section */
	};
	rootObject = 4F2EE63E20F833C500A50B57 /* Project object */;
}
